// !$*UTF8*$!
{
	archiveVersion = 1;
	classes = {
	};
	objectVersion = 55;
	objects = {

/* Begin PBXBuildFile section */
		6F29E815EDFC10D2B079148D /* Pods_MovieApp.framework in Frameworks */ = {isa = PBXBuildFile; fileRef = 2D6F062419928925A8A5D125 /* Pods_MovieApp.framework */; };
		FF125BEC2745130F004B7252 /* AddViewController.swift in Sources */ = {isa = PBXBuildFile; fileRef = FF125BEB2745130F004B7252 /* AddViewController.swift */; };
		FF3A3857274E723E006F7A9A /* Movie.swift in Sources */ = {isa = PBXBuildFile; fileRef = FF3A3856274E723E006F7A9A /* Movie.swift */; };
		FF999D4A274F9C8300FAA3BD /* MovieTableViewCell.swift in Sources */ = {isa = PBXBuildFile; fileRef = FF999D49274F9C8300FAA3BD /* MovieTableViewCell.swift */; };
		FFAAB4BF2743A50B00B280E9 /* AppDelegate.swift in Sources */ = {isa = PBXBuildFile; fileRef = FFAAB4BE2743A50B00B280E9 /* AppDelegate.swift */; };
		FFAAB4C32743A50B00B280E9 /* HomeViewController.swift in Sources */ = {isa = PBXBuildFile; fileRef = FFAAB4C22743A50B00B280E9 /* HomeViewController.swift */; };
		FFAAB4C62743A50B00B280E9 /* Main.storyboard in Resources */ = {isa = PBXBuildFile; fileRef = FFAAB4C42743A50B00B280E9 /* Main.storyboard */; };
		FFAAB4CB2743A50E00B280E9 /* LaunchScreen.storyboard in Resources */ = {isa = PBXBuildFile; fileRef = FFAAB4C92743A50E00B280E9 /* LaunchScreen.storyboard */; };
		FFAAB4D92743B6F700B280E9 /* ShowListViewController.swift in Sources */ = {isa = PBXBuildFile; fileRef = FFAAB4D82743B6F700B280E9 /* ShowListViewController.swift */; };
		FFB1E8562753612D00D6D28B /* LoginViewController.swift in Sources */ = {isa = PBXBuildFile; fileRef = FFB1E8552753612D00D6D28B /* LoginViewController.swift */; };
		FFB1E85C27538AFE00D6D28B /* Asset.xcassets in Resources */ = {isa = PBXBuildFile; fileRef = FFB1E85B27538AFE00D6D28B /* Asset.xcassets */; };
/* End PBXBuildFile section */

/* Begin PBXFileReference section */
		2D6F062419928925A8A5D125 /* Pods_MovieApp.framework */ = {isa = PBXFileReference; explicitFileType = wrapper.framework; includeInIndex = 0; path = Pods_MovieApp.framework; sourceTree = BUILT_PRODUCTS_DIR; };
		58022999B21D5063442C70A8 /* Pods-MovieApp.release.xcconfig */ = {isa = PBXFileReference; includeInIndex = 1; lastKnownFileType = text.xcconfig; name = "Pods-MovieApp.release.xcconfig"; path = "Target Support Files/Pods-MovieApp/Pods-MovieApp.release.xcconfig"; sourceTree = "<group>"; };
		BB314C6CDEB8687101091A1A /* Pods-MovieApp.debug.xcconfig */ = {isa = PBXFileReference; includeInIndex = 1; lastKnownFileType = text.xcconfig; name = "Pods-MovieApp.debug.xcconfig"; path = "Target Support Files/Pods-MovieApp/Pods-MovieApp.debug.xcconfig"; sourceTree = "<group>"; };
		FF125BEB2745130F004B7252 /* AddViewController.swift */ = {isa = PBXFileReference; lastKnownFileType = sourcecode.swift; path = AddViewController.swift; sourceTree = "<group>"; };
		FF3A3856274E723E006F7A9A /* Movie.swift */ = {isa = PBXFileReference; lastKnownFileType = sourcecode.swift; path = Movie.swift; sourceTree = "<group>"; };
		FF999D49274F9C8300FAA3BD /* MovieTableViewCell.swift */ = {isa = PBXFileReference; lastKnownFileType = sourcecode.swift; path = MovieTableViewCell.swift; sourceTree = "<group>"; };
		FFAAB4BB2743A50B00B280E9 /* MovieApp.app */ = {isa = PBXFileReference; explicitFileType = wrapper.application; includeInIndex = 0; path = MovieApp.app; sourceTree = BUILT_PRODUCTS_DIR; };
		FFAAB4BE2743A50B00B280E9 /* AppDelegate.swift */ = {isa = PBXFileReference; lastKnownFileType = sourcecode.swift; path = AppDelegate.swift; sourceTree = "<group>"; };
		FFAAB4C22743A50B00B280E9 /* HomeViewController.swift */ = {isa = PBXFileReference; lastKnownFileType = sourcecode.swift; path = HomeViewController.swift; sourceTree = "<group>"; };
		FFAAB4C52743A50B00B280E9 /* Base */ = {isa = PBXFileReference; lastKnownFileType = file.storyboard; name = Base; path = Base.lproj/Main.storyboard; sourceTree = "<group>"; };
		FFAAB4CA2743A50E00B280E9 /* Base */ = {isa = PBXFileReference; lastKnownFileType = file.storyboard; name = Base; path = Base.lproj/LaunchScreen.storyboard; sourceTree = "<group>"; };
		FFAAB4CC2743A50E00B280E9 /* Info.plist */ = {isa = PBXFileReference; lastKnownFileType = text.plist.xml; path = Info.plist; sourceTree = "<group>"; };
		FFAAB4D82743B6F700B280E9 /* ShowListViewController.swift */ = {isa = PBXFileReference; lastKnownFileType = sourcecode.swift; path = ShowListViewController.swift; sourceTree = "<group>"; };
		FFB1E8552753612D00D6D28B /* LoginViewController.swift */ = {isa = PBXFileReference; lastKnownFileType = sourcecode.swift; path = LoginViewController.swift; sourceTree = "<group>"; };
		FFB1E85B27538AFE00D6D28B /* Asset.xcassets */ = {isa = PBXFileReference; lastKnownFileType = folder.assetcatalog; path = Asset.xcassets; sourceTree = "<group>"; };
/* End PBXFileReference section */

/* Begin PBXFrameworksBuildPhase section */
		FFAAB4B82743A50B00B280E9 /* Frameworks */ = {
			isa = PBXFrameworksBuildPhase;
			buildActionMask = 2147483647;
			files = (
				6F29E815EDFC10D2B079148D /* Pods_MovieApp.framework in Frameworks */,
			);
			runOnlyForDeploymentPostprocessing = 0;
		};
/* End PBXFrameworksBuildPhase section */

/* Begin PBXGroup section */
		8745E2F050824E3478E0AEE3 /* Frameworks */ = {
			isa = PBXGroup;
			children = (
				2D6F062419928925A8A5D125 /* Pods_MovieApp.framework */,
			);
			name = Frameworks;
			sourceTree = "<group>";
		};
		9158ADE7C53260DA345AD697 /* Pods */ = {
			isa = PBXGroup;
			children = (
				BB314C6CDEB8687101091A1A /* Pods-MovieApp.debug.xcconfig */,
				58022999B21D5063442C70A8 /* Pods-MovieApp.release.xcconfig */,
			);
			path = Pods;
			sourceTree = "<group>";
		};
		FF1635C827675DBB00D4A242 /* ViewController */ = {
			isa = PBXGroup;
			children = (
				FFB1E8552753612D00D6D28B /* LoginViewController.swift */,
				FFAAB4C22743A50B00B280E9 /* HomeViewController.swift */,
				FF125BEB2745130F004B7252 /* AddViewController.swift */,
				FFAAB4D82743B6F700B280E9 /* ShowListViewController.swift */,
			);
			path = ViewController;
			sourceTree = "<group>";
		};
		FF1635C927675E1200D4A242 /* Model */ = {
			isa = PBXGroup;
			children = (
				FF3A3856274E723E006F7A9A /* Movie.swift */,
			);
			path = Model;
			sourceTree = "<group>";
		};
		FF1635CA27675EF100D4A242 /* CustomView */ = {
			isa = PBXGroup;
			children = (
				FF1635CB27675F0900D4A242 /* Cells */,
			);
			path = CustomView;
			sourceTree = "<group>";
		};
		FF1635CB27675F0900D4A242 /* Cells */ = {
			isa = PBXGroup;
			children = (
				FF999D49274F9C8300FAA3BD /* MovieTableViewCell.swift */,
			);
			path = Cells;
			sourceTree = "<group>";
		};
		FFAAB4B22743A50B00B280E9 = {
			isa = PBXGroup;
			children = (
				FFAAB4BD2743A50B00B280E9 /* MovieApp */,
				FFAAB4BC2743A50B00B280E9 /* Products */,
				9158ADE7C53260DA345AD697 /* Pods */,
				8745E2F050824E3478E0AEE3 /* Frameworks */,
			);
			sourceTree = "<group>";
		};
		FFAAB4BC2743A50B00B280E9 /* Products */ = {
			isa = PBXGroup;
			children = (
				FFAAB4BB2743A50B00B280E9 /* MovieApp.app */,
			);
			name = Products;
			sourceTree = "<group>";
		};
		FFAAB4BD2743A50B00B280E9 /* MovieApp */ = {
			isa = PBXGroup;
			children = (
				FF1635C827675DBB00D4A242 /* ViewController */,
				FF1635C927675E1200D4A242 /* Model */,
				FF1635CA27675EF100D4A242 /* CustomView */,
				FFAAB4BE2743A50B00B280E9 /* AppDelegate.swift */,
				FFAAB4C42743A50B00B280E9 /* Main.storyboard */,
				FFAAB4C92743A50E00B280E9 /* LaunchScreen.storyboard */,
				FFAAB4CC2743A50E00B280E9 /* Info.plist */,
				FFB1E85B27538AFE00D6D28B /* Asset.xcassets */,
			);
			path = MovieApp;
			sourceTree = "<group>";
		};
/* End PBXGroup section */

/* Begin PBXNativeTarget section */
		FFAAB4BA2743A50B00B280E9 /* MovieApp */ = {
			isa = PBXNativeTarget;
			buildConfigurationList = FFAAB4CF2743A50E00B280E9 /* Build configuration list for PBXNativeTarget "MovieApp" */;
			buildPhases = (
				0B0EC5EFEC1CEEBE399E450F /* [CP] Check Pods Manifest.lock */,
				FFAAB4B72743A50B00B280E9 /* Sources */,
				FFAAB4B82743A50B00B280E9 /* Frameworks */,
				FFAAB4B92743A50B00B280E9 /* Resources */,
				47538E44CEEE12BB8F116805 /* [CP] Embed Pods Frameworks */,
			);
			buildRules = (
			);
			dependencies = (
			);
			name = MovieApp;
			productName = MovieApp;
			productReference = FFAAB4BB2743A50B00B280E9 /* MovieApp.app */;
			productType = "com.apple.product-type.application";
		};
/* End PBXNativeTarget section */

/* Begin PBXProject section */
		FFAAB4B32743A50B00B280E9 /* Project object */ = {
			isa = PBXProject;
			attributes = {
				BuildIndependentTargetsInParallel = 1;
				LastSwiftUpdateCheck = 1310;
				LastUpgradeCheck = 1310;
				TargetAttributes = {
					FFAAB4BA2743A50B00B280E9 = {
						CreatedOnToolsVersion = 13.1;
					};
				};
			};
			buildConfigurationList = FFAAB4B62743A50B00B280E9 /* Build configuration list for PBXProject "MovieApp" */;
			compatibilityVersion = "Xcode 13.0";
			developmentRegion = en;
			hasScannedForEncodings = 0;
			knownRegions = (
				en,
				Base,
			);
			mainGroup = FFAAB4B22743A50B00B280E9;
			productRefGroup = FFAAB4BC2743A50B00B280E9 /* Products */;
			projectDirPath = "";
			projectRoot = "";
			targets = (
				FFAAB4BA2743A50B00B280E9 /* MovieApp */,
			);
		};
/* End PBXProject section */

/* Begin PBXResourcesBuildPhase section */
		FFAAB4B92743A50B00B280E9 /* Resources */ = {
			isa = PBXResourcesBuildPhase;
			buildActionMask = 2147483647;
			files = (
				FFB1E85C27538AFE00D6D28B /* Asset.xcassets in Resources */,
				FFAAB4CB2743A50E00B280E9 /* LaunchScreen.storyboard in Resources */,
				FFAAB4C62743A50B00B280E9 /* Main.storyboard in Resources */,
			);
			runOnlyForDeploymentPostprocessing = 0;
		};
/* End PBXResourcesBuildPhase section */

/* Begin PBXShellScriptBuildPhase section */
		0B0EC5EFEC1CEEBE399E450F /* [CP] Check Pods Manifest.lock */ = {
			isa = PBXShellScriptBuildPhase;
			buildActionMask = 2147483647;
			files = (
			);
			inputFileListPaths = (
			);
			inputPaths = (
				"${PODS_PODFILE_DIR_PATH}/Podfile.lock",
				"${PODS_ROOT}/Manifest.lock",
			);
			name = "[CP] Check Pods Manifest.lock";
			outputFileListPaths = (
			);
			outputPaths = (
				"$(DERIVED_FILE_DIR)/Pods-MovieApp-checkManifestLockResult.txt",
			);
			runOnlyForDeploymentPostprocessing = 0;
			shellPath = /bin/sh;
			shellScript = "diff \"${PODS_PODFILE_DIR_PATH}/Podfile.lock\" \"${PODS_ROOT}/Manifest.lock\" > /dev/null\nif [ $? != 0 ] ; then\n    # print error to STDERR\n    echo \"error: The sandbox is not in sync with the Podfile.lock. Run 'pod install' or update your CocoaPods installation.\" >&2\n    exit 1\nfi\n# This output is used by Xcode 'outputs' to avoid re-running this script phase.\necho \"SUCCESS\" > \"${SCRIPT_OUTPUT_FILE_0}\"\n";
			showEnvVarsInLog = 0;
		};
		47538E44CEEE12BB8F116805 /* [CP] Embed Pods Frameworks */ = {
			isa = PBXShellScriptBuildPhase;
			buildActionMask = 2147483647;
			files = (
			);
			inputFileListPaths = (
				"${PODS_ROOT}/Target Support Files/Pods-MovieApp/Pods-MovieApp-frameworks-${CONFIGURATION}-input-files.xcfilelist",
			);
			name = "[CP] Embed Pods Frameworks";
			outputFileListPaths = (
				"${PODS_ROOT}/Target Support Files/Pods-MovieApp/Pods-MovieApp-frameworks-${CONFIGURATION}-output-files.xcfilelist",
			);
			runOnlyForDeploymentPostprocessing = 0;
			shellPath = /bin/sh;
			shellScript = "\"${PODS_ROOT}/Target Support Files/Pods-MovieApp/Pods-MovieApp-frameworks.sh\"\n";
			showEnvVarsInLog = 0;
		};
/* End PBXShellScriptBuildPhase section */

/* Begin PBXSourcesBuildPhase section */
		FFAAB4B72743A50B00B280E9 /* Sources */ = {
			isa = PBXSourcesBuildPhase;
			buildActionMask = 2147483647;
			files = (
				FFAAB4C32743A50B00B280E9 /* HomeViewController.swift in Sources */,
				FFAAB4D92743B6F700B280E9 /* ShowListViewController.swift in Sources */,
				FF3A3857274E723E006F7A9A /* Movie.swift in Sources */,
				FFAAB4BF2743A50B00B280E9 /* AppDelegate.swift in Sources */,
				FFB1E8562753612D00D6D28B /* LoginViewController.swift in Sources */,
				FF125BEC2745130F004B7252 /* AddViewController.swift in Sources */,
				FF999D4A274F9C8300FAA3BD /* MovieTableViewCell.swift in Sources */,
			);
			runOnlyForDeploymentPostprocessing = 0;
		};
/* End PBXSourcesBuildPhase section */

/* Begin PBXVariantGroup section */
		FFAAB4C42743A50B00B280E9 /* Main.storyboard */ = {
			isa = PBXVariantGroup;
			children = (
				FFAAB4C52743A50B00B280E9 /* Base */,
			);
			name = Main.storyboard;
			sourceTree = "<group>";
		};
		FFAAB4C92743A50E00B280E9 /* LaunchScreen.storyboard */ = {
			isa = PBXVariantGroup;
			children = (
				FFAAB4CA2743A50E00B280E9 /* Base */,
			);
			name = LaunchScreen.storyboard;
			sourceTree = "<group>";
		};
/* End PBXVariantGroup section */

/* Begin XCBuildConfiguration section */
		FFAAB4CD2743A50E00B280E9 /* Debug */ = {
			isa = XCBuildConfiguration;
			buildSettings = {
				ALWAYS_SEARCH_USER_PATHS = NO;
				CLANG_ANALYZER_NONNULL = YES;
				CLANG_ANALYZER_NUMBER_OBJECT_CONVERSION = YES_AGGRESSIVE;
				CLANG_CXX_LANGUAGE_STANDARD = "gnu++17";
				CLANG_CXX_LIBRARY = "libc++";
				CLANG_ENABLE_MODULES = YES;
				CLANG_ENABLE_OBJC_ARC = YES;
				CLANG_ENABLE_OBJC_WEAK = YES;
				CLANG_WARN_BLOCK_CAPTURE_AUTORELEASING = YES;
				CLANG_WARN_BOOL_CONVERSION = YES;
				CLANG_WARN_COMMA = YES;
				CLANG_WARN_CONSTANT_CONVERSION = YES;
				CLANG_WARN_DEPRECATED_OBJC_IMPLEMENTATIONS = YES;
				CLANG_WARN_DIRECT_OBJC_ISA_USAGE = YES_ERROR;
				CLANG_WARN_DOCUMENTATION_COMMENTS = YES;
				CLANG_WARN_EMPTY_BODY = YES;
				CLANG_WARN_ENUM_CONVERSION = YES;
				CLANG_WARN_INFINITE_RECURSION = YES;
				CLANG_WARN_INT_CONVERSION = YES;
				CLANG_WARN_NON_LITERAL_NULL_CONVERSION = YES;
				CLANG_WARN_OBJC_IMPLICIT_RETAIN_SELF = YES;
				CLANG_WARN_OBJC_LITERAL_CONVERSION = YES;
				CLANG_WARN_OBJC_ROOT_CLASS = YES_ERROR;
				CLANG_WARN_QUOTED_INCLUDE_IN_FRAMEWORK_HEADER = YES;
				CLANG_WARN_RANGE_LOOP_ANALYSIS = YES;
				CLANG_WARN_STRICT_PROTOTYPES = YES;
				CLANG_WARN_SUSPICIOUS_MOVE = YES;
				CLANG_WARN_UNGUARDED_AVAILABILITY = YES_AGGRESSIVE;
				CLANG_WARN_UNREACHABLE_CODE = YES;
				CLANG_WARN__DUPLICATE_METHOD_MATCH = YES;
				COPY_PHASE_STRIP = NO;
				DEBUG_INFORMATION_FORMAT = dwarf;
				ENABLE_STRICT_OBJC_MSGSEND = YES;
				ENABLE_TESTABILITY = YES;
				GCC_C_LANGUAGE_STANDARD = gnu11;
				GCC_DYNAMIC_NO_PIC = NO;
				GCC_NO_COMMON_BLOCKS = YES;
				GCC_OPTIMIZATION_LEVEL = 0;
				GCC_PREPROCESSOR_DEFINITIONS = (
					"DEBUG=1",
					"$(inherited)",
				);
				GCC_WARN_64_TO_32_BIT_CONVERSION = YES;
				GCC_WARN_ABOUT_RETURN_TYPE = YES_ERROR;
				GCC_WARN_UNDECLARED_SELECTOR = YES;
				GCC_WARN_UNINITIALIZED_AUTOS = YES_AGGRESSIVE;
				GCC_WARN_UNUSED_FUNCTION = YES;
				GCC_WARN_UNUSED_VARIABLE = YES;
				IPHONEOS_DEPLOYMENT_TARGET = 15.0;
				MTL_ENABLE_DEBUG_INFO = INCLUDE_SOURCE;
				MTL_FAST_MATH = YES;
				ONLY_ACTIVE_ARCH = YES;
				SDKROOT = iphoneos;
				SWIFT_ACTIVE_COMPILATION_CONDITIONS = DEBUG;
				SWIFT_OPTIMIZATION_LEVEL = "-Onone";
			};
			name = Debug;
		};
		FFAAB4CE2743A50E00B280E9 /* Release */ = {
			isa = XCBuildConfiguration;
			buildSettings = {
				ALWAYS_SEARCH_USER_PATHS = NO;
				CLANG_ANALYZER_NONNULL = YES;
				CLANG_ANALYZER_NUMBER_OBJECT_CONVERSION = YES_AGGRESSIVE;
				CLANG_CXX_LANGUAGE_STANDARD = "gnu++17";
				CLANG_CXX_LIBRARY = "libc++";
				CLANG_ENABLE_MODULES = YES;
				CLANG_ENABLE_OBJC_ARC = YES;
				CLANG_ENABLE_OBJC_WEAK = YES;
				CLANG_WARN_BLOCK_CAPTURE_AUTORELEASING = YES;
				CLANG_WARN_BOOL_CONVERSION = YES;
				CLANG_WARN_COMMA = YES;
				CLANG_WARN_CONSTANT_CONVERSION = YES;
				CLANG_WARN_DEPRECATED_OBJC_IMPLEMENTATIONS = YES;
				CLANG_WARN_DIRECT_OBJC_ISA_USAGE = YES_ERROR;
				CLANG_WARN_DOCUMENTATION_COMMENTS = YES;
				CLANG_WARN_EMPTY_BODY = YES;
				CLANG_WARN_ENUM_CONVERSION = YES;
				CLANG_WARN_INFINITE_RECURSION = YES;
				CLANG_WARN_INT_CONVERSION = YES;
				CLANG_WARN_NON_LITERAL_NULL_CONVERSION = YES;
				CLANG_WARN_OBJC_IMPLICIT_RETAIN_SELF = YES;
				CLANG_WARN_OBJC_LITERAL_CONVERSION = YES;
				CLANG_WARN_OBJC_ROOT_CLASS = YES_ERROR;
				CLANG_WARN_QUOTED_INCLUDE_IN_FRAMEWORK_HEADER = YES;
				CLANG_WARN_RANGE_LOOP_ANALYSIS = YES;
				CLANG_WARN_STRICT_PROTOTYPES = YES;
				CLANG_WARN_SUSPICIOUS_MOVE = YES;
				CLANG_WARN_UNGUARDED_AVAILABILITY = YES_AGGRESSIVE;
				CLANG_WARN_UNREACHABLE_CODE = YES;
				CLANG_WARN__DUPLICATE_METHOD_MATCH = YES;
				COPY_PHASE_STRIP = NO;
				DEBUG_INFORMATION_FORMAT = "dwarf-with-dsym";
				ENABLE_NS_ASSERTIONS = NO;
				ENABLE_STRICT_OBJC_MSGSEND = YES;
				GCC_C_LANGUAGE_STANDARD = gnu11;
				GCC_NO_COMMON_BLOCKS = YES;
				GCC_WARN_64_TO_32_BIT_CONVERSION = YES;
				GCC_WARN_ABOUT_RETURN_TYPE = YES_ERROR;
				GCC_WARN_UNDECLARED_SELECTOR = YES;
				GCC_WARN_UNINITIALIZED_AUTOS = YES_AGGRESSIVE;
				GCC_WARN_UNUSED_FUNCTION = YES;
				GCC_WARN_UNUSED_VARIABLE = YES;
				IPHONEOS_DEPLOYMENT_TARGET = 15.0;
				MTL_ENABLE_DEBUG_INFO = NO;
				MTL_FAST_MATH = YES;
				SDKROOT = iphoneos;
				SWIFT_COMPILATION_MODE = wholemodule;
				SWIFT_OPTIMIZATION_LEVEL = "-O";
				VALIDATE_PRODUCT = YES;
			};
			name = Release;
		};
		FFAAB4D02743A50E00B280E9 /* Debug */ = {
			isa = XCBuildConfiguration;
			baseConfigurationReference = BB314C6CDEB8687101091A1A /* Pods-MovieApp.debug.xcconfig */;
			buildSettings = {
				ASSETCATALOG_COMPILER_APPICON_NAME = AppIcon;
				ASSETCATALOG_COMPILER_GLOBAL_ACCENT_COLOR_NAME = AccentColor;
				CODE_SIGN_STYLE = Automatic;
				CURRENT_PROJECT_VERSION = 1;
				DEVELOPMENT_TEAM = 5Z9KLU67PG;
				GENERATE_INFOPLIST_FILE = YES;
				INFOPLIST_FILE = MovieApp/Info.plist;
				INFOPLIST_KEY_UIApplicationSupportsIndirectInputEvents = YES;
				INFOPLIST_KEY_UILaunchStoryboardName = LaunchScreen;
				INFOPLIST_KEY_UIMainStoryboardFile = Main;
				INFOPLIST_KEY_UISupportedInterfaceOrientations_iPad = "UIInterfaceOrientationPortrait UIInterfaceOrientationPortraitUpsideDown UIInterfaceOrientationLandscapeLeft UIInterfaceOrientationLandscapeRight";
				INFOPLIST_KEY_UISupportedInterfaceOrientations_iPhone = "UIInterfaceOrientationPortrait UIInterfaceOrientationLandscapeLeft UIInterfaceOrientationLandscapeRight";
				LD_RUNPATH_SEARCH_PATHS = (
					"$(inherited)",
					"@executable_path/Frameworks",
				);
				MARKETING_VERSION = 1.0;
				PRODUCT_BUNDLE_IDENTIFIER = com.MovieApp20201112231;
				PRODUCT_NAME = "$(TARGET_NAME)";
				SWIFT_EMIT_LOC_STRINGS = YES;
				SWIFT_VERSION = 5.0;
				TARGETED_DEVICE_FAMILY = 1;
			};
			name = Debug;
		};
		FFAAB4D12743A50E00B280E9 /* Release */ = {
			isa = XCBuildConfiguration;
			baseConfigurationReference = 58022999B21D5063442C70A8 /* Pods-MovieApp.release.xcconfig */;
			buildSettings = {
				ASSETCATALOG_COMPILER_APPICON_NAME = AppIcon;
				ASSETCATALOG_COMPILER_GLOBAL_ACCENT_COLOR_NAME = AccentColor;
				CODE_SIGN_STYLE = Automatic;
				CURRENT_PROJECT_VERSION = 1;
				DEVELOPMENT_TEAM = 5Z9KLU67PG;
				GENERATE_INFOPLIST_FILE = YES;
				INFOPLIST_FILE = MovieApp/Info.plist;
				INFOPLIST_KEY_UIApplicationSupportsIndirectInputEvents = YES;
				INFOPLIST_KEY_UILaunchStoryboardName = LaunchScreen;
				INFOPLIST_KEY_UIMainStoryboardFile = Main;
				INFOPLIST_KEY_UISupportedInterfaceOrientations_iPad = "UIInterfaceOrientationPortrait UIInterfaceOrientationPortraitUpsideDown UIInterfaceOrientationLandscapeLeft UIInterfaceOrientationLandscapeRight";
				INFOPLIST_KEY_UISupportedInterfaceOrientations_iPhone = "UIInterfaceOrientationPortrait UIInterfaceOrientationLandscapeLeft UIInterfaceOrientationLandscapeRight";
				LD_RUNPATH_SEARCH_PATHS = (
					"$(inherited)",
					"@executable_path/Frameworks",
				);
				MARKETING_VERSION = 1.0;
				PRODUCT_BUNDLE_IDENTIFIER = com.MovieApp20201112231;
				PRODUCT_NAME = "$(TARGET_NAME)";
				SWIFT_EMIT_LOC_STRINGS = YES;
				SWIFT_VERSION = 5.0;
				TARGETED_DEVICE_FAMILY = 1;
			};
			name = Release;
		};
/* End XCBuildConfiguration section */

/* Begin XCConfigurationList section */
		FFAAB4B62743A50B00B280E9 /* Build configuration list for PBXProject "MovieApp" */ = {
			isa = XCConfigurationList;
			buildConfigurations = (
				FFAAB4CD2743A50E00B280E9 /* Debug */,
				FFAAB4CE2743A50E00B280E9 /* Release */,
			);
			defaultConfigurationIsVisible = 0;
			defaultConfigurationName = Release;
		};
		FFAAB4CF2743A50E00B280E9 /* Build configuration list for PBXNativeTarget "MovieApp" */ = {
			isa = XCConfigurationList;
			buildConfigurations = (
				FFAAB4D02743A50E00B280E9 /* Debug */,
				FFAAB4D12743A50E00B280E9 /* Release */,
			);
			defaultConfigurationIsVisible = 0;
			defaultConfigurationName = Release;
		};
/* End XCConfigurationList section */
	};
	rootObject = FFAAB4B32743A50B00B280E9 /* Project object */;
}
